
Microsoft Visual Studio Solution File, Format Version 12.00
# Visual Studio Version 17
VisualStudioVersion = 17.9.34902.65
MinimumVisualStudioVersion = 10.0.40219.1
Project("{9A19103F-16F7-4668-BE54-9A1E7A4F7556}") = "MandalaConsulting.Logging", "MC.Logging\MandalaConsulting.Logging.csproj", "{BFFB6932-6B65-4749-B0DE-B196AB7278F5}"
EndProject
Project("{9A19103F-16F7-4668-BE54-9A1E7A4F7556}") = "MandalaConsulting.APIMiddlewares", "MC.APIMiddlewares\MandalaConsulting.APIMiddlewares.csproj", "{F60AB43E-6D71-4B42-807F-A68165C6FB9F}"
EndProject
Project("{9A19103F-16F7-4668-BE54-9A1E7A4F7556}") = "MandalaConsulting.Repository.Mongo", "MC.Repository.Mongo\MandalaConsulting.Repository.Mongo.csproj", "{EDC83BE6-90BC-4580-B0AA-6B0ABB145E34}"
EndProject
Project("{9A19103F-16F7-4668-BE54-9A1E7A4F7556}") = "MandalaConsulting.Objects.API", "MC.Objects.API\MandalaConsulting.Objects.API.csproj", "{161663D0-F0F9-43A5-B2C7-1D77247A87D8}"
EndProject
Project("{9A19103F-16F7-4668-BE54-9A1E7A4F7556}") = "MandalaConsulting.Memory", "MC.Memory\MandalaConsulting.Memory.csproj", "{5C0372AC-99AF-45C2-80E7-7075F2B37A16}"
EndProject
Global
	GlobalSection(SolutionConfigurationPlatforms) = preSolution
		Debug|Any CPU = Debug|Any CPU
		Release|Any CPU = Release|Any CPU
	EndGlobalSection
	GlobalSection(ProjectConfigurationPlatforms) = postSolution
		{BFFB6932-6B65-4749-B0DE-B196AB7278F5}.Debug|Any CPU.ActiveCfg = Debug|Any CPU
		{BFFB6932-6B65-4749-B0DE-B196AB7278F5}.Debug|Any CPU.Build.0 = Debug|Any CPU
		{BFFB6932-6B65-4749-B0DE-B196AB7278F5}.Release|Any CPU.ActiveCfg = Release|Any CPU
		{BFFB6932-6B65-4749-B0DE-B196AB7278F5}.Release|Any CPU.Build.0 = Release|Any CPU
		{F60AB43E-6D71-4B42-807F-A68165C6FB9F}.Debug|Any CPU.ActiveCfg = Debug|Any CPU
		{F60AB43E-6D71-4B42-807F-A68165C6FB9F}.Debug|Any CPU.Build.0 = Debug|Any CPU
		{F60AB43E-6D71-4B42-807F-A68165C6FB9F}.Release|Any CPU.ActiveCfg = Release|Any CPU
		{F60AB43E-6D71-4B42-807F-A68165C6FB9F}.Release|Any CPU.Build.0 = Release|Any CPU
		{EDC83BE6-90BC-4580-B0AA-6B0ABB145E34}.Debug|Any CPU.ActiveCfg = Debug|Any CPU
		{EDC83BE6-90BC-4580-B0AA-6B0ABB145E34}.Debug|Any CPU.Build.0 = Debug|Any CPU
		{EDC83BE6-90BC-4580-B0AA-6B0ABB145E34}.Release|Any CPU.ActiveCfg = Release|Any CPU
		{EDC83BE6-90BC-4580-B0AA-6B0ABB145E34}.Release|Any CPU.Build.0 = Release|Any CPU
		{161663D0-F0F9-43A5-B2C7-1D77247A87D8}.Debug|Any CPU.ActiveCfg = Debug|Any CPU
		{161663D0-F0F9-43A5-B2C7-1D77247A87D8}.Debug|Any CPU.Build.0 = Debug|Any CPU
		{161663D0-F0F9-43A5-B2C7-1D77247A87D8}.Release|Any CPU.ActiveCfg = Release|Any CPU
		{161663D0-F0F9-43A5-B2C7-1D77247A87D8}.Release|Any CPU.Build.0 = Release|Any CPU
		{5C0372AC-99AF-45C2-80E7-7075F2B37A16}.Debug|Any CPU.ActiveCfg = Debug|Any CPU
		{5C0372AC-99AF-45C2-80E7-7075F2B37A16}.Debug|Any CPU.Build.0 = Debug|Any CPU
		{5C0372AC-99AF-45C2-80E7-7075F2B37A16}.Release|Any CPU.ActiveCfg = Release|Any CPU
		{5C0372AC-99AF-45C2-80E7-7075F2B37A16}.Release|Any CPU.Build.0 = Release|Any CPU
	EndGlobalSection
	GlobalSection(SolutionProperties) = preSolution
		HideSolutionNode = FALSE
	EndGlobalSection
	GlobalSection(ExtensibilityGlobals) = postSolution
		SolutionGuid = {DFCFD12A-3DE3-402B-AB7B-D300CF087562}
	EndGlobalSection
EndGlobal
