
Microsoft Visual Studio Solution File, Format Version 12.00
# Visual Studio Version 17
VisualStudioVersion = 17.8.34408.163
MinimumVisualStudioVersion = 10.0.40219.1
Project("{9A19103F-16F7-4668-BE54-9A1E7A4F7556}") = "MAS", "MAS.Objects\MAS.csproj", "{92E7CC6F-7E68-4824-A35F-1B77B05257BC}"
EndProject
Global
	GlobalSection(SolutionConfigurationPlatforms) = preSolution
		Debug|Any CPU = Debug|Any CPU
		Release|Any CPU = Release|Any CPU
	EndGlobalSection
	GlobalSection(ProjectConfigurationPlatforms) = postSolution
		{92E7CC6F-7E68-4824-A35F-1B77B05257BC}.Debug|Any CPU.ActiveCfg = Debug|Any CPU
		{92E7CC6F-7E68-4824-A35F-1B77B05257BC}.Debug|Any CPU.Build.0 = Debug|Any CPU
		{92E7CC6F-7E68-4824-A35F-1B77B05257BC}.Release|Any CPU.ActiveCfg = Release|Any CPU
		{92E7CC6F-7E68-4824-A35F-1B77B05257BC}.Release|Any CPU.Build.0 = Release|Any CPU
	EndGlobalSection
	GlobalSection(SolutionProperties) = preSolution
		HideSolutionNode = FALSE
	EndGlobalSection
	GlobalSection(ExtensibilityGlobals) = postSolution
		SolutionGuid = {EC737A85-DA39-4885-BA62-5EDFA198F8BA}
	EndGlobalSection
EndGlobal
